// !$*UTF8*$!
{
	archiveVersion = 1;
	classes = {
	};
	objectVersion = 50;
	objects = {

/* Begin PBXBuildFile section */
		B500D51922454B7400806B12 /* AppDelegate.swift in Sources */ = {isa = PBXBuildFile; fileRef = B500D51822454B7400806B12 /* AppDelegate.swift */; };
		B500D51B22454B7400806B12 /* GoalsVC.swift in Sources */ = {isa = PBXBuildFile; fileRef = B500D51A22454B7400806B12 /* GoalsVC.swift */; };
		B500D51E22454B7400806B12 /* Main.storyboard in Resources */ = {isa = PBXBuildFile; fileRef = B500D51C22454B7400806B12 /* Main.storyboard */; };
		B500D52122454B7400806B12 /* goalpost_app.xcdatamodeld in Sources */ = {isa = PBXBuildFile; fileRef = B500D51F22454B7400806B12 /* goalpost_app.xcdatamodeld */; };
		B500D52322454B7400806B12 /* Assets.xcassets in Resources */ = {isa = PBXBuildFile; fileRef = B500D52222454B7400806B12 /* Assets.xcassets */; };
		B500D52622454B7400806B12 /* LaunchScreen.storyboard in Resources */ = {isa = PBXBuildFile; fileRef = B500D52422454B7400806B12 /* LaunchScreen.storyboard */; };
		B500D532224555D600806B12 /* GoalCell.swift in Sources */ = {isa = PBXBuildFile; fileRef = B500D531224555D600806B12 /* GoalCell.swift */; };
		B503FAA622456B4E0016FFF9 /* GoalType.swift in Sources */ = {isa = PBXBuildFile; fileRef = B503FAA522456B4E0016FFF9 /* GoalType.swift */; };
		B503FAA822456F830016FFF9 /* RoundedButton.swift in Sources */ = {isa = PBXBuildFile; fileRef = B503FAA722456F830016FFF9 /* RoundedButton.swift */; };
		B503FAAA224577100016FFF9 /* CreateGoalVC.swift in Sources */ = {isa = PBXBuildFile; fileRef = B503FAA9224577100016FFF9 /* CreateGoalVC.swift */; };
		B503FAAC224578AC0016FFF9 /* UIViewControllerExt.swift in Sources */ = {isa = PBXBuildFile; fileRef = B503FAAB224578AC0016FFF9 /* UIViewControllerExt.swift */; };
		B57474E02246F9D50025E8D3 /* FinishGoalVC.swift in Sources */ = {isa = PBXBuildFile; fileRef = B57474DF2246F9D50025E8D3 /* FinishGoalVC.swift */; };
		B5C8837B22459E51005F9764 /* UIButtonExt.swift in Sources */ = {isa = PBXBuildFile; fileRef = B5C8837A22459E51005F9764 /* UIButtonExt.swift */; };
/* End PBXBuildFile section */

/* Begin PBXFileReference section */
		B500D51522454B7400806B12 /* goalpost-app.app */ = {isa = PBXFileReference; explicitFileType = wrapper.application; includeInIndex = 0; path = "goalpost-app.app"; sourceTree = BUILT_PRODUCTS_DIR; };
		B500D51822454B7400806B12 /* AppDelegate.swift */ = {isa = PBXFileReference; lastKnownFileType = sourcecode.swift; path = AppDelegate.swift; sourceTree = "<group>"; };
		B500D51A22454B7400806B12 /* GoalsVC.swift */ = {isa = PBXFileReference; lastKnownFileType = sourcecode.swift; path = GoalsVC.swift; sourceTree = "<group>"; };
		B500D51D22454B7400806B12 /* Base */ = {isa = PBXFileReference; lastKnownFileType = file.storyboard; name = Base; path = Base.lproj/Main.storyboard; sourceTree = "<group>"; };
		B500D52022454B7400806B12 /* goalpost_app.xcdatamodel */ = {isa = PBXFileReference; lastKnownFileType = wrapper.xcdatamodel; path = goalpost_app.xcdatamodel; sourceTree = "<group>"; };
		B500D52222454B7400806B12 /* Assets.xcassets */ = {isa = PBXFileReference; lastKnownFileType = folder.assetcatalog; path = Assets.xcassets; sourceTree = "<group>"; };
		B500D52522454B7400806B12 /* Base */ = {isa = PBXFileReference; lastKnownFileType = file.storyboard; name = Base; path = Base.lproj/LaunchScreen.storyboard; sourceTree = "<group>"; };
		B500D52722454B7400806B12 /* Info.plist */ = {isa = PBXFileReference; lastKnownFileType = text.plist.xml; path = Info.plist; sourceTree = "<group>"; };
		B500D531224555D600806B12 /* GoalCell.swift */ = {isa = PBXFileReference; lastKnownFileType = sourcecode.swift; path = GoalCell.swift; sourceTree = "<group>"; };
		B503FAA522456B4E0016FFF9 /* GoalType.swift */ = {isa = PBXFileReference; lastKnownFileType = sourcecode.swift; path = GoalType.swift; sourceTree = "<group>"; };
		B503FAA722456F830016FFF9 /* RoundedButton.swift */ = {isa = PBXFileReference; lastKnownFileType = sourcecode.swift; path = RoundedButton.swift; sourceTree = "<group>"; };
		B503FAA9224577100016FFF9 /* CreateGoalVC.swift */ = {isa = PBXFileReference; lastKnownFileType = sourcecode.swift; path = CreateGoalVC.swift; sourceTree = "<group>"; };
		B503FAAB224578AC0016FFF9 /* UIViewControllerExt.swift */ = {isa = PBXFileReference; lastKnownFileType = sourcecode.swift; path = UIViewControllerExt.swift; sourceTree = "<group>"; };
		B57474DF2246F9D50025E8D3 /* FinishGoalVC.swift */ = {isa = PBXFileReference; lastKnownFileType = sourcecode.swift; path = FinishGoalVC.swift; sourceTree = "<group>"; };
		B5C8837A22459E51005F9764 /* UIButtonExt.swift */ = {isa = PBXFileReference; lastKnownFileType = sourcecode.swift; path = UIButtonExt.swift; sourceTree = "<group>"; };
/* End PBXFileReference section */

/* Begin PBXFrameworksBuildPhase section */
		B500D51222454B7400806B12 /* Frameworks */ = {
			isa = PBXFrameworksBuildPhase;
			buildActionMask = 2147483647;
			files = (
			);
			runOnlyForDeploymentPostprocessing = 0;
		};
/* End PBXFrameworksBuildPhase section */

/* Begin PBXGroup section */
		B500D50C22454B7400806B12 = {
			isa = PBXGroup;
			children = (
				B500D51722454B7400806B12 /* goalpost-app */,
				B500D51622454B7400806B12 /* Products */,
			);
			sourceTree = "<group>";
		};
		B500D51622454B7400806B12 /* Products */ = {
			isa = PBXGroup;
			children = (
				B500D51522454B7400806B12 /* goalpost-app.app */,
			);
			name = Products;
			sourceTree = "<group>";
		};
		B500D51722454B7400806B12 /* goalpost-app */ = {
			isa = PBXGroup;
			children = (
				B500D53022454C4F00806B12 /* Extensions */,
				B500D52F22454C4900806B12 /* Enums */,
				B500D52E22454C3900806B12 /* Views */,
				B500D52D22454C3500806B12 /* Controller */,
				B500D51822454B7400806B12 /* AppDelegate.swift */,
				B500D51C22454B7400806B12 /* Main.storyboard */,
				B500D52222454B7400806B12 /* Assets.xcassets */,
				B500D52422454B7400806B12 /* LaunchScreen.storyboard */,
				B500D52722454B7400806B12 /* Info.plist */,
				B500D51F22454B7400806B12 /* goalpost_app.xcdatamodeld */,
			);
			path = "goalpost-app";
			sourceTree = "<group>";
		};
		B500D52D22454C3500806B12 /* Controller */ = {
			isa = PBXGroup;
			children = (
				B500D51A22454B7400806B12 /* GoalsVC.swift */,
				B503FAA9224577100016FFF9 /* CreateGoalVC.swift */,
				B57474DF2246F9D50025E8D3 /* FinishGoalVC.swift */,
			);
			path = Controller;
			sourceTree = "<group>";
		};
		B500D52E22454C3900806B12 /* Views */ = {
			isa = PBXGroup;
			children = (
				B500D531224555D600806B12 /* GoalCell.swift */,
				B503FAA722456F830016FFF9 /* RoundedButton.swift */,
			);
			path = Views;
			sourceTree = "<group>";
		};
		B500D52F22454C4900806B12 /* Enums */ = {
			isa = PBXGroup;
			children = (
				B503FAA522456B4E0016FFF9 /* GoalType.swift */,
			);
			path = Enums;
			sourceTree = "<group>";
		};
		B500D53022454C4F00806B12 /* Extensions */ = {
			isa = PBXGroup;
			children = (
				B503FAAB224578AC0016FFF9 /* UIViewControllerExt.swift */,
				B5C8837A22459E51005F9764 /* UIButtonExt.swift */,
			);
			path = Extensions;
			sourceTree = "<group>";
		};
/* End PBXGroup section */

/* Begin PBXNativeTarget section */
		B500D51422454B7400806B12 /* goalpost-app */ = {
			isa = PBXNativeTarget;
			buildConfigurationList = B500D52A22454B7400806B12 /* Build configuration list for PBXNativeTarget "goalpost-app" */;
			buildPhases = (
				B500D51122454B7400806B12 /* Sources */,
				B500D51222454B7400806B12 /* Frameworks */,
				B500D51322454B7400806B12 /* Resources */,
			);
			buildRules = (
			);
			dependencies = (
			);
			name = "goalpost-app";
			productName = "goalpost-app";
			productReference = B500D51522454B7400806B12 /* goalpost-app.app */;
			productType = "com.apple.product-type.application";
		};
/* End PBXNativeTarget section */

/* Begin PBXProject section */
		B500D50D22454B7400806B12 /* Project object */ = {
			isa = PBXProject;
			attributes = {
				LastSwiftUpdateCheck = 1020;
				LastUpgradeCheck = 1020;
				ORGANIZATIONNAME = "Austin Rightnowar";
				TargetAttributes = {
					B500D51422454B7400806B12 = {
						CreatedOnToolsVersion = 10.2;
					};
				};
			};
			buildConfigurationList = B500D51022454B7400806B12 /* Build configuration list for PBXProject "goalpost-app" */;
			compatibilityVersion = "Xcode 9.3";
			developmentRegion = en;
			hasScannedForEncodings = 0;
			knownRegions = (
				en,
				Base,
			);
			mainGroup = B500D50C22454B7400806B12;
			productRefGroup = B500D51622454B7400806B12 /* Products */;
			projectDirPath = "";
			projectRoot = "";
			targets = (
				B500D51422454B7400806B12 /* goalpost-app */,
			);
		};
/* End PBXProject section */

/* Begin PBXResourcesBuildPhase section */
		B500D51322454B7400806B12 /* Resources */ = {
			isa = PBXResourcesBuildPhase;
			buildActionMask = 2147483647;
			files = (
				B500D52622454B7400806B12 /* LaunchScreen.storyboard in Resources */,
				B500D52322454B7400806B12 /* Assets.xcassets in Resources */,
				B500D51E22454B7400806B12 /* Main.storyboard in Resources */,
			);
			runOnlyForDeploymentPostprocessing = 0;
		};
/* End PBXResourcesBuildPhase section */

/* Begin PBXSourcesBuildPhase section */
		B500D51122454B7400806B12 /* Sources */ = {
			isa = PBXSourcesBuildPhase;
			buildActionMask = 2147483647;
			files = (
				B5C8837B22459E51005F9764 /* UIButtonExt.swift in Sources */,
				B500D532224555D600806B12 /* GoalCell.swift in Sources */,
				B503FAA822456F830016FFF9 /* RoundedButton.swift in Sources */,
				B503FAAC224578AC0016FFF9 /* UIViewControllerExt.swift in Sources */,
				B503FAA622456B4E0016FFF9 /* GoalType.swift in Sources */,
				B500D51B22454B7400806B12 /* GoalsVC.swift in Sources */,
				B503FAAA224577100016FFF9 /* CreateGoalVC.swift in Sources */,
				B500D51922454B7400806B12 /* AppDelegate.swift in Sources */,
				B57474E02246F9D50025E8D3 /* FinishGoalVC.swift in Sources */,
				B500D52122454B7400806B12 /* goalpost_app.xcdatamodeld in Sources */,
			);
			runOnlyForDeploymentPostprocessing = 0;
		};
/* End PBXSourcesBuildPhase section */

/* Begin PBXVariantGroup section */
		B500D51C22454B7400806B12 /* Main.storyboard */ = {
			isa = PBXVariantGroup;
			children = (
				B500D51D22454B7400806B12 /* Base */,
			);
			name = Main.storyboard;
			sourceTree = "<group>";
		};
		B500D52422454B7400806B12 /* LaunchScreen.storyboard */ = {
			isa = PBXVariantGroup;
			children = (
				B500D52522454B7400806B12 /* Base */,
			);
			name = LaunchScreen.storyboard;
			sourceTree = "<group>";
		};
/* End PBXVariantGroup section */

/* Begin XCBuildConfiguration section */
		B500D52822454B7400806B12 /* Debug */ = {
			isa = XCBuildConfiguration;
			buildSettings = {
				ALWAYS_SEARCH_USER_PATHS = NO;
				CLANG_ANALYZER_NONNULL = YES;
				CLANG_ANALYZER_NUMBER_OBJECT_CONVERSION = YES_AGGRESSIVE;
				CLANG_CXX_LANGUAGE_STANDARD = "gnu++14";
				CLANG_CXX_LIBRARY = "libc++";
				CLANG_ENABLE_MODULES = YES;
				CLANG_ENABLE_OBJC_ARC = YES;
				CLANG_ENABLE_OBJC_WEAK = YES;
				CLANG_WARN_BLOCK_CAPTURE_AUTORELEASING = YES;
				CLANG_WARN_BOOL_CONVERSION = YES;
				CLANG_WARN_COMMA = YES;
				CLANG_WARN_CONSTANT_CONVERSION = YES;
				CLANG_WARN_DEPRECATED_OBJC_IMPLEMENTATIONS = YES;
				CLANG_WARN_DIRECT_OBJC_ISA_USAGE = YES_ERROR;
				CLANG_WARN_DOCUMENTATION_COMMENTS = YES;
				CLANG_WARN_EMPTY_BODY = YES;
				CLANG_WARN_ENUM_CONVERSION = YES;
				CLANG_WARN_INFINITE_RECURSION = YES;
				CLANG_WARN_INT_CONVERSION = YES;
				CLANG_WARN_NON_LITERAL_NULL_CONVERSION = YES;
				CLANG_WARN_OBJC_IMPLICIT_RETAIN_SELF = YES;
				CLANG_WARN_OBJC_LITERAL_CONVERSION = YES;
				CLANG_WARN_OBJC_ROOT_CLASS = YES_ERROR;
				CLANG_WARN_RANGE_LOOP_ANALYSIS = YES;
				CLANG_WARN_STRICT_PROTOTYPES = YES;
				CLANG_WARN_SUSPICIOUS_MOVE = YES;
				CLANG_WARN_UNGUARDED_AVAILABILITY = YES_AGGRESSIVE;
				CLANG_WARN_UNREACHABLE_CODE = YES;
				CLANG_WARN__DUPLICATE_METHOD_MATCH = YES;
				CODE_SIGN_IDENTITY = "iPhone Developer";
				COPY_PHASE_STRIP = NO;
				DEBUG_INFORMATION_FORMAT = dwarf;
				ENABLE_STRICT_OBJC_MSGSEND = YES;
				ENABLE_TESTABILITY = YES;
				GCC_C_LANGUAGE_STANDARD = gnu11;
				GCC_DYNAMIC_NO_PIC = NO;
				GCC_NO_COMMON_BLOCKS = YES;
				GCC_OPTIMIZATION_LEVEL = 0;
				GCC_PREPROCESSOR_DEFINITIONS = (
					"DEBUG=1",
					"$(inherited)",
				);
				GCC_WARN_64_TO_32_BIT_CONVERSION = YES;
				GCC_WARN_ABOUT_RETURN_TYPE = YES_ERROR;
				GCC_WARN_UNDECLARED_SELECTOR = YES;
				GCC_WARN_UNINITIALIZED_AUTOS = YES_AGGRESSIVE;
				GCC_WARN_UNUSED_FUNCTION = YES;
				GCC_WARN_UNUSED_VARIABLE = YES;
				IPHONEOS_DEPLOYMENT_TARGET = 12.2;
				MTL_ENABLE_DEBUG_INFO = INCLUDE_SOURCE;
				MTL_FAST_MATH = YES;
				ONLY_ACTIVE_ARCH = YES;
				SDKROOT = iphoneos;
				SWIFT_ACTIVE_COMPILATION_CONDITIONS = DEBUG;
				SWIFT_OPTIMIZATION_LEVEL = "-Onone";
			};
			name = Debug;
		};
		B500D52922454B7400806B12 /* Release */ = {
			isa = XCBuildConfiguration;
			buildSettings = {
				ALWAYS_SEARCH_USER_PATHS = NO;
				CLANG_ANALYZER_NONNULL = YES;
				CLANG_ANALYZER_NUMBER_OBJECT_CONVERSION = YES_AGGRESSIVE;
				CLANG_CXX_LANGUAGE_STANDARD = "gnu++14";
				CLANG_CXX_LIBRARY = "libc++";
				CLANG_ENABLE_MODULES = YES;
				CLANG_ENABLE_OBJC_ARC = YES;
				CLANG_ENABLE_OBJC_WEAK = YES;
				CLANG_WARN_BLOCK_CAPTURE_AUTORELEASING = YES;
				CLANG_WARN_BOOL_CONVERSION = YES;
				CLANG_WARN_COMMA = YES;
				CLANG_WARN_CONSTANT_CONVERSION = YES;
				CLANG_WARN_DEPRECATED_OBJC_IMPLEMENTATIONS = YES;
				CLANG_WARN_DIRECT_OBJC_ISA_USAGE = YES_ERROR;
				CLANG_WARN_DOCUMENTATION_COMMENTS = YES;
				CLANG_WARN_EMPTY_BODY = YES;
				CLANG_WARN_ENUM_CONVERSION = YES;
				CLANG_WARN_INFINITE_RECURSION = YES;
				CLANG_WARN_INT_CONVERSION = YES;
				CLANG_WARN_NON_LITERAL_NULL_CONVERSION = YES;
				CLANG_WARN_OBJC_IMPLICIT_RETAIN_SELF = YES;
				CLANG_WARN_OBJC_LITERAL_CONVERSION = YES;
				CLANG_WARN_OBJC_ROOT_CLASS = YES_ERROR;
				CLANG_WARN_RANGE_LOOP_ANALYSIS = YES;
				CLANG_WARN_STRICT_PROTOTYPES = YES;
				CLANG_WARN_SUSPICIOUS_MOVE = YES;
				CLANG_WARN_UNGUARDED_AVAILABILITY = YES_AGGRESSIVE;
				CLANG_WARN_UNREACHABLE_CODE = YES;
				CLANG_WARN__DUPLICATE_METHOD_MATCH = YES;
				CODE_SIGN_IDENTITY = "iPhone Developer";
				COPY_PHASE_STRIP = NO;
				DEBUG_INFORMATION_FORMAT = "dwarf-with-dsym";
				ENABLE_NS_ASSERTIONS = NO;
				ENABLE_STRICT_OBJC_MSGSEND = YES;
				GCC_C_LANGUAGE_STANDARD = gnu11;
				GCC_NO_COMMON_BLOCKS = YES;
				GCC_WARN_64_TO_32_BIT_CONVERSION = YES;
				GCC_WARN_ABOUT_RETURN_TYPE = YES_ERROR;
				GCC_WARN_UNDECLARED_SELECTOR = YES;
				GCC_WARN_UNINITIALIZED_AUTOS = YES_AGGRESSIVE;
				GCC_WARN_UNUSED_FUNCTION = YES;
				GCC_WARN_UNUSED_VARIABLE = YES;
				IPHONEOS_DEPLOYMENT_TARGET = 12.2;
				MTL_ENABLE_DEBUG_INFO = NO;
				MTL_FAST_MATH = YES;
				SDKROOT = iphoneos;
				SWIFT_COMPILATION_MODE = wholemodule;
				SWIFT_OPTIMIZATION_LEVEL = "-O";
				VALIDATE_PRODUCT = YES;
			};
			name = Release;
		};
		B500D52B22454B7400806B12 /* Debug */ = {
			isa = XCBuildConfiguration;
			buildSettings = {
				ASSETCATALOG_COMPILER_APPICON_NAME = AppIcon;
				CODE_SIGN_STYLE = Automatic;
				DEVELOPMENT_TEAM = DQ3A5K4CR7;
				INFOPLIST_FILE = "goalpost-app/Info.plist";
				LD_RUNPATH_SEARCH_PATHS = (
					"$(inherited)",
					"@executable_path/Frameworks",
				);
				PRODUCT_BUNDLE_IDENTIFIER = "com.JATRpresets.goalpost-app";
				PRODUCT_NAME = "$(TARGET_NAME)";
				SWIFT_VERSION = 5.0;
				TARGETED_DEVICE_FAMILY = "1,2";
			};
			name = Debug;
		};
		B500D52C22454B7400806B12 /* Release */ = {
			isa = XCBuildConfiguration;
			buildSettings = {
				ASSETCATALOG_COMPILER_APPICON_NAME = AppIcon;
				CODE_SIGN_STYLE = Automatic;
				DEVELOPMENT_TEAM = DQ3A5K4CR7;
				INFOPLIST_FILE = "goalpost-app/Info.plist";
				LD_RUNPATH_SEARCH_PATHS = (
					"$(inherited)",
					"@executable_path/Frameworks",
				);
				PRODUCT_BUNDLE_IDENTIFIER = "com.JATRpresets.goalpost-app";
				PRODUCT_NAME = "$(TARGET_NAME)";
				SWIFT_VERSION = 5.0;
				TARGETED_DEVICE_FAMILY = "1,2";
			};
			name = Release;
		};
/* End XCBuildConfiguration section */

/* Begin XCConfigurationList section */
		B500D51022454B7400806B12 /* Build configuration list for PBXProject "goalpost-app" */ = {
			isa = XCConfigurationList;
			buildConfigurations = (
				B500D52822454B7400806B12 /* Debug */,
				B500D52922454B7400806B12 /* Release */,
			);
			defaultConfigurationIsVisible = 0;
			defaultConfigurationName = Release;
		};
		B500D52A22454B7400806B12 /* Build configuration list for PBXNativeTarget "goalpost-app" */ = {
			isa = XCConfigurationList;
			buildConfigurations = (
				B500D52B22454B7400806B12 /* Debug */,
				B500D52C22454B7400806B12 /* Release */,
			);
			defaultConfigurationIsVisible = 0;
			defaultConfigurationName = Release;
		};
/* End XCConfigurationList section */

/* Begin XCVersionGroup section */
		B500D51F22454B7400806B12 /* goalpost_app.xcdatamodeld */ = {
			isa = XCVersionGroup;
			children = (
				B500D52022454B7400806B12 /* goalpost_app.xcdatamodel */,
			);
			currentVersion = B500D52022454B7400806B12 /* goalpost_app.xcdatamodel */;
			path = goalpost_app.xcdatamodeld;
			sourceTree = "<group>";
			versionGroupType = wrapper.xcdatamodel;
		};
/* End XCVersionGroup section */
	};
	rootObject = B500D50D22454B7400806B12 /* Project object */;
}
